// !$*UTF8*$!
{
	archiveVersion = 1;
	classes = {
	};
	objectVersion = 55;
	objects = {

/* Begin PBXBuildFile section */
		BC88F6A12C3F5F9300F2CACD /* AppDelegate.m in Sources */ = {isa = PBXBuildFile; fileRef = BC88F6A02C3F5F9300F2CACD /* AppDelegate.m */; };
		BC88F6A42C3F5F9300F2CACD /* SceneDelegate.m in Sources */ = {isa = PBXBuildFile; fileRef = BC88F6A32C3F5F9300F2CACD /* SceneDelegate.m */; };
		BC88F6A72C3F5F9300F2CACD /* ViewController.m in Sources */ = {isa = PBXBuildFile; fileRef = BC88F6A62C3F5F9300F2CACD /* ViewController.m */; };
		BC88F6AA2C3F5F9300F2CACD /* Main.storyboard in Resources */ = {isa = PBXBuildFile; fileRef = BC88F6A82C3F5F9300F2CACD /* Main.storyboard */; };
		BC88F6AC2C3F5FA000F2CACD /* Assets.xcassets in Resources */ = {isa = PBXBuildFile; fileRef = BC88F6AB2C3F5FA000F2CACD /* Assets.xcassets */; };
		BC88F6AF2C3F5FA000F2CACD /* LaunchScreen.storyboard in Resources */ = {isa = PBXBuildFile; fileRef = BC88F6AD2C3F5FA000F2CACD /* LaunchScreen.storyboard */; };
		BC88F6B22C3F5FA000F2CACD /* main.m in Sources */ = {isa = PBXBuildFile; fileRef = BC88F6B12C3F5FA000F2CACD /* main.m */; };
		BC88F6D02C3F5FFC00F2CACD /* CocoaPromise.m in Sources */ = {isa = PBXBuildFile; fileRef = BC88F6BA2C3F5FFC00F2CACD /* CocoaPromise.m */; };
		BC88F6D12C3F5FFC00F2CACD /* dict.c in Sources */ = {isa = PBXBuildFile; fileRef = BC88F6BD2C3F5FFC00F2CACD /* dict.c */; };
		BC88F6D22C3F5FFC00F2CACD /* sds.c in Sources */ = {isa = PBXBuildFile; fileRef = BC88F6BE2C3F5FFC00F2CACD /* sds.c */; };
		BC88F6D32C3F5FFC00F2CACD /* async.c in Sources */ = {isa = PBXBuildFile; fileRef = BC88F6BF2C3F5FFC00F2CACD /* async.c */; };
		BC88F6D42C3F5FFC00F2CACD /* read.c in Sources */ = {isa = PBXBuildFile; fileRef = BC88F6C32C3F5FFC00F2CACD /* read.c */; };
		BC88F6D52C3F5FFC00F2CACD /* net.c in Sources */ = {isa = PBXBuildFile; fileRef = BC88F6C82C3F5FFC00F2CACD /* net.c */; };
		BC88F6D62C3F5FFC00F2CACD /* hiredis.c in Sources */ = {isa = PBXBuildFile; fileRef = BC88F6CB2C3F5FFC00F2CACD /* hiredis.c */; };
		BC88F6D72C3F5FFC00F2CACD /* CocoaRedis.m in Sources */ = {isa = PBXBuildFile; fileRef = BC88F6CD2C3F5FFC00F2CACD /* CocoaRedis.m */; };
/* End PBXBuildFile section */

/* Begin PBXFileReference section */
		BC88F69C2C3F5F9300F2CACD /* CocoaRedis.app */ = {isa = PBXFileReference; explicitFileType = wrapper.application; includeInIndex = 0; path = CocoaRedis.app; sourceTree = BUILT_PRODUCTS_DIR; };
		BC88F69F2C3F5F9300F2CACD /* AppDelegate.h */ = {isa = PBXFileReference; lastKnownFileType = sourcecode.c.h; path = AppDelegate.h; sourceTree = "<group>"; };
		BC88F6A02C3F5F9300F2CACD /* AppDelegate.m */ = {isa = PBXFileReference; lastKnownFileType = sourcecode.c.objc; path = AppDelegate.m; sourceTree = "<group>"; };
		BC88F6A22C3F5F9300F2CACD /* SceneDelegate.h */ = {isa = PBXFileReference; lastKnownFileType = sourcecode.c.h; path = SceneDelegate.h; sourceTree = "<group>"; };
		BC88F6A32C3F5F9300F2CACD /* SceneDelegate.m */ = {isa = PBXFileReference; lastKnownFileType = sourcecode.c.objc; path = SceneDelegate.m; sourceTree = "<group>"; };
		BC88F6A52C3F5F9300F2CACD /* ViewController.h */ = {isa = PBXFileReference; lastKnownFileType = sourcecode.c.h; path = ViewController.h; sourceTree = "<group>"; };
		BC88F6A62C3F5F9300F2CACD /* ViewController.m */ = {isa = PBXFileReference; lastKnownFileType = sourcecode.c.objc; path = ViewController.m; sourceTree = "<group>"; };
		BC88F6A92C3F5F9300F2CACD /* Base */ = {isa = PBXFileReference; lastKnownFileType = file.storyboard; name = Base; path = Base.lproj/Main.storyboard; sourceTree = "<group>"; };
		BC88F6AB2C3F5FA000F2CACD /* Assets.xcassets */ = {isa = PBXFileReference; lastKnownFileType = folder.assetcatalog; path = Assets.xcassets; sourceTree = "<group>"; };
		BC88F6AE2C3F5FA000F2CACD /* Base */ = {isa = PBXFileReference; lastKnownFileType = file.storyboard; name = Base; path = Base.lproj/LaunchScreen.storyboard; sourceTree = "<group>"; };
		BC88F6B02C3F5FA000F2CACD /* Info.plist */ = {isa = PBXFileReference; lastKnownFileType = text.plist.xml; path = Info.plist; sourceTree = "<group>"; };
		BC88F6B12C3F5FA000F2CACD /* main.m */ = {isa = PBXFileReference; lastKnownFileType = sourcecode.c.objc; path = main.m; sourceTree = "<group>"; };
		BC88F6BA2C3F5FFC00F2CACD /* CocoaPromise.m */ = {isa = PBXFileReference; fileEncoding = 4; lastKnownFileType = sourcecode.c.objc; path = CocoaPromise.m; sourceTree = "<group>"; };
		BC88F6BB2C3F5FFC00F2CACD /* CocoaPromise.h */ = {isa = PBXFileReference; fileEncoding = 4; lastKnownFileType = sourcecode.c.h; path = CocoaPromise.h; sourceTree = "<group>"; };
		BC88F6BD2C3F5FFC00F2CACD /* dict.c */ = {isa = PBXFileReference; fileEncoding = 4; lastKnownFileType = sourcecode.c.c; path = dict.c; sourceTree = "<group>"; };
		BC88F6BE2C3F5FFC00F2CACD /* sds.c */ = {isa = PBXFileReference; fileEncoding = 4; lastKnownFileType = sourcecode.c.c; path = sds.c; sourceTree = "<group>"; };
		BC88F6BF2C3F5FFC00F2CACD /* async.c */ = {isa = PBXFileReference; fileEncoding = 4; lastKnownFileType = sourcecode.c.c; path = async.c; sourceTree = "<group>"; };
		BC88F6C02C3F5FFC00F2CACD /* net.h */ = {isa = PBXFileReference; fileEncoding = 4; lastKnownFileType = sourcecode.c.h; path = net.h; sourceTree = "<group>"; };
		BC88F6C12C3F5FFC00F2CACD /* hiredis.h */ = {isa = PBXFileReference; fileEncoding = 4; lastKnownFileType = sourcecode.c.h; path = hiredis.h; sourceTree = "<group>"; };
		BC88F6C22C3F5FFC00F2CACD /* win32.h */ = {isa = PBXFileReference; fileEncoding = 4; lastKnownFileType = sourcecode.c.h; path = win32.h; sourceTree = "<group>"; };
		BC88F6C32C3F5FFC00F2CACD /* read.c */ = {isa = PBXFileReference; fileEncoding = 4; lastKnownFileType = sourcecode.c.c; path = read.c; sourceTree = "<group>"; };
		BC88F6C42C3F5FFC00F2CACD /* async.h */ = {isa = PBXFileReference; fileEncoding = 4; lastKnownFileType = sourcecode.c.h; path = async.h; sourceTree = "<group>"; };
		BC88F6C52C3F5FFC00F2CACD /* dict.h */ = {isa = PBXFileReference; fileEncoding = 4; lastKnownFileType = sourcecode.c.h; path = dict.h; sourceTree = "<group>"; };
		BC88F6C62C3F5FFC00F2CACD /* sds.h */ = {isa = PBXFileReference; fileEncoding = 4; lastKnownFileType = sourcecode.c.h; path = sds.h; sourceTree = "<group>"; };
		BC88F6C72C3F5FFC00F2CACD /* macosx.h */ = {isa = PBXFileReference; fileEncoding = 4; lastKnownFileType = sourcecode.c.h; path = macosx.h; sourceTree = "<group>"; };
		BC88F6C82C3F5FFC00F2CACD /* net.c */ = {isa = PBXFileReference; fileEncoding = 4; lastKnownFileType = sourcecode.c.c; path = net.c; sourceTree = "<group>"; };
		BC88F6C92C3F5FFC00F2CACD /* fmacros.h */ = {isa = PBXFileReference; fileEncoding = 4; lastKnownFileType = sourcecode.c.h; path = fmacros.h; sourceTree = "<group>"; };
		BC88F6CA2C3F5FFC00F2CACD /* read.h */ = {isa = PBXFileReference; fileEncoding = 4; lastKnownFileType = sourcecode.c.h; path = read.h; sourceTree = "<group>"; };
		BC88F6CB2C3F5FFC00F2CACD /* hiredis.c */ = {isa = PBXFileReference; fileEncoding = 4; lastKnownFileType = sourcecode.c.c; path = hiredis.c; sourceTree = "<group>"; };
		BC88F6CD2C3F5FFC00F2CACD /* CocoaRedis.m */ = {isa = PBXFileReference; fileEncoding = 4; lastKnownFileType = sourcecode.c.objc; path = CocoaRedis.m; sourceTree = "<group>"; };
		BC88F6CE2C3F5FFC00F2CACD /* RedisKit.h */ = {isa = PBXFileReference; fileEncoding = 4; lastKnownFileType = sourcecode.c.h; path = RedisKit.h; sourceTree = "<group>"; };
		BC88F6CF2C3F5FFC00F2CACD /* CocoaRedis.h */ = {isa = PBXFileReference; fileEncoding = 4; lastKnownFileType = sourcecode.c.h; path = CocoaRedis.h; sourceTree = "<group>"; };
/* End PBXFileReference section */

/* Begin PBXFrameworksBuildPhase section */
		BC88F6992C3F5F9300F2CACD /* Frameworks */ = {
			isa = PBXFrameworksBuildPhase;
			buildActionMask = 2147483647;
			files = (
			);
			runOnlyForDeploymentPostprocessing = 0;
		};
/* End PBXFrameworksBuildPhase section */

/* Begin PBXGroup section */
		BC88F6932C3F5F9300F2CACD = {
			isa = PBXGroup;
			children = (
				BC88F69E2C3F5F9300F2CACD /* CocoaRedis */,
				BC88F69D2C3F5F9300F2CACD /* Products */,
			);
			sourceTree = "<group>";
		};
		BC88F69D2C3F5F9300F2CACD /* Products */ = {
			isa = PBXGroup;
			children = (
				BC88F69C2C3F5F9300F2CACD /* CocoaRedis.app */,
			);
			name = Products;
			sourceTree = "<group>";
		};
		BC88F69E2C3F5F9300F2CACD /* CocoaRedis */ = {
			isa = PBXGroup;
			children = (
				BC88F6E62C3FD41B00F2CACD /* Main */,
				BC88F6B82C3F5FFC00F2CACD /* CocoaRedis */,
				BC88F6B02C3F5FA000F2CACD /* Info.plist */,
			);
			path = CocoaRedis;
			sourceTree = "<group>";
		};
		BC88F6B82C3F5FFC00F2CACD /* CocoaRedis */ = {
			isa = PBXGroup;
			children = (
				BC88F6B92C3F5FFC00F2CACD /* PromiseKit */,
				BC88F6BC2C3F5FFC00F2CACD /* Hiredis */,
				BC88F6CC2C3F5FFC00F2CACD /* RedisKit */,
			);
			path = CocoaRedis;
			sourceTree = "<group>";
		};
		BC88F6B92C3F5FFC00F2CACD /* PromiseKit */ = {
			isa = PBXGroup;
			children = (
				BC88F6BA2C3F5FFC00F2CACD /* CocoaPromise.m */,
				BC88F6BB2C3F5FFC00F2CACD /* CocoaPromise.h */,
			);
			path = PromiseKit;
			sourceTree = "<group>";
		};
		BC88F6BC2C3F5FFC00F2CACD /* Hiredis */ = {
			isa = PBXGroup;
			children = (
				BC88F6BD2C3F5FFC00F2CACD /* dict.c */,
				BC88F6BE2C3F5FFC00F2CACD /* sds.c */,
				BC88F6BF2C3F5FFC00F2CACD /* async.c */,
				BC88F6C02C3F5FFC00F2CACD /* net.h */,
				BC88F6C12C3F5FFC00F2CACD /* hiredis.h */,
				BC88F6C22C3F5FFC00F2CACD /* win32.h */,
				BC88F6C32C3F5FFC00F2CACD /* read.c */,
				BC88F6C42C3F5FFC00F2CACD /* async.h */,
				BC88F6C52C3F5FFC00F2CACD /* dict.h */,
				BC88F6C62C3F5FFC00F2CACD /* sds.h */,
				BC88F6C72C3F5FFC00F2CACD /* macosx.h */,
				BC88F6C82C3F5FFC00F2CACD /* net.c */,
				BC88F6C92C3F5FFC00F2CACD /* fmacros.h */,
				BC88F6CA2C3F5FFC00F2CACD /* read.h */,
				BC88F6CB2C3F5FFC00F2CACD /* hiredis.c */,
			);
			path = Hiredis;
			sourceTree = "<group>";
		};
		BC88F6CC2C3F5FFC00F2CACD /* RedisKit */ = {
			isa = PBXGroup;
			children = (
				BC88F6CD2C3F5FFC00F2CACD /* CocoaRedis.m */,
				BC88F6CE2C3F5FFC00F2CACD /* RedisKit.h */,
				BC88F6CF2C3F5FFC00F2CACD /* CocoaRedis.h */,
			);
			path = RedisKit;
			sourceTree = "<group>";
		};
		BC88F6E62C3FD41B00F2CACD /* Main */ = {
			isa = PBXGroup;
			children = (
				BC88F6B12C3F5FA000F2CACD /* main.m */,
				BC88F6AD2C3F5FA000F2CACD /* LaunchScreen.storyboard */,
				BC88F6AB2C3F5FA000F2CACD /* Assets.xcassets */,
				BC88F6A82C3F5F9300F2CACD /* Main.storyboard */,
				BC88F6A62C3F5F9300F2CACD /* ViewController.m */,
				BC88F6A52C3F5F9300F2CACD /* ViewController.h */,
				BC88F6A32C3F5F9300F2CACD /* SceneDelegate.m */,
				BC88F6A22C3F5F9300F2CACD /* SceneDelegate.h */,
				BC88F6A02C3F5F9300F2CACD /* AppDelegate.m */,
				BC88F69F2C3F5F9300F2CACD /* AppDelegate.h */,
			);
			path = Main;
			sourceTree = "<group>";
		};
/* End PBXGroup section */

/* Begin PBXNativeTarget section */
		BC88F69B2C3F5F9300F2CACD /* CocoaRedis */ = {
			isa = PBXNativeTarget;
			buildConfigurationList = BC88F6B52C3F5FA000F2CACD /* Build configuration list for PBXNativeTarget "CocoaRedis" */;
			buildPhases = (
				BC88F6982C3F5F9300F2CACD /* Sources */,
				BC88F6992C3F5F9300F2CACD /* Frameworks */,
				BC88F69A2C3F5F9300F2CACD /* Resources */,
			);
			buildRules = (
			);
			dependencies = (
			);
			name = CocoaRedis;
			productName = CocoaRedis;
			productReference = BC88F69C2C3F5F9300F2CACD /* CocoaRedis.app */;
			productType = "com.apple.product-type.application";
		};
/* End PBXNativeTarget section */

/* Begin PBXProject section */
		BC88F6942C3F5F9300F2CACD /* Project object */ = {
			isa = PBXProject;
			attributes = {
				BuildIndependentTargetsInParallel = 1;
				LastUpgradeCheck = 1430;
				TargetAttributes = {
					BC88F69B2C3F5F9300F2CACD = {
						CreatedOnToolsVersion = 14.3.1;
					};
				};
			};
			buildConfigurationList = BC88F6972C3F5F9300F2CACD /* Build configuration list for PBXProject "CocoaRedis" */;
			compatibilityVersion = "Xcode 13.0";
			developmentRegion = en;
			hasScannedForEncodings = 0;
			knownRegions = (
				en,
				Base,
			);
			mainGroup = BC88F6932C3F5F9300F2CACD;
			productRefGroup = BC88F69D2C3F5F9300F2CACD /* Products */;
			projectDirPath = "";
			projectRoot = "";
			targets = (
				BC88F69B2C3F5F9300F2CACD /* CocoaRedis */,
			);
		};
/* End PBXProject section */

/* Begin PBXResourcesBuildPhase section */
		BC88F69A2C3F5F9300F2CACD /* Resources */ = {
			isa = PBXResourcesBuildPhase;
			buildActionMask = 2147483647;
			files = (
				BC88F6AF2C3F5FA000F2CACD /* LaunchScreen.storyboard in Resources */,
				BC88F6AC2C3F5FA000F2CACD /* Assets.xcassets in Resources */,
				BC88F6AA2C3F5F9300F2CACD /* Main.storyboard in Resources */,
			);
			runOnlyForDeploymentPostprocessing = 0;
		};
/* End PBXResourcesBuildPhase section */

/* Begin PBXSourcesBuildPhase section */
		BC88F6982C3F5F9300F2CACD /* Sources */ = {
			isa = PBXSourcesBuildPhase;
			buildActionMask = 2147483647;
			files = (
				BC88F6D02C3F5FFC00F2CACD /* CocoaPromise.m in Sources */,
				BC88F6A72C3F5F9300F2CACD /* ViewController.m in Sources */,
				BC88F6A12C3F5F9300F2CACD /* AppDelegate.m in Sources */,
				BC88F6D12C3F5FFC00F2CACD /* dict.c in Sources */,
				BC88F6B22C3F5FA000F2CACD /* main.m in Sources */,
				BC88F6D42C3F5FFC00F2CACD /* read.c in Sources */,
				BC88F6D22C3F5FFC00F2CACD /* sds.c in Sources */,
				BC88F6D62C3F5FFC00F2CACD /* hiredis.c in Sources */,
				BC88F6D32C3F5FFC00F2CACD /* async.c in Sources */,
				BC88F6A42C3F5F9300F2CACD /* SceneDelegate.m in Sources */,
				BC88F6D52C3F5FFC00F2CACD /* net.c in Sources */,
				BC88F6D72C3F5FFC00F2CACD /* CocoaRedis.m in Sources */,
			);
			runOnlyForDeploymentPostprocessing = 0;
		};
/* End PBXSourcesBuildPhase section */

/* Begin PBXVariantGroup section */
		BC88F6A82C3F5F9300F2CACD /* Main.storyboard */ = {
			isa = PBXVariantGroup;
			children = (
				BC88F6A92C3F5F9300F2CACD /* Base */,
			);
			name = Main.storyboard;
			sourceTree = "<group>";
		};
		BC88F6AD2C3F5FA000F2CACD /* LaunchScreen.storyboard */ = {
			isa = PBXVariantGroup;
			children = (
				BC88F6AE2C3F5FA000F2CACD /* Base */,
			);
			name = LaunchScreen.storyboard;
			sourceTree = "<group>";
		};
/* End PBXVariantGroup section */

/* Begin XCBuildConfiguration section */
		BC88F6B32C3F5FA000F2CACD /* Debug */ = {
			isa = XCBuildConfiguration;
			buildSettings = {
				ALWAYS_SEARCH_USER_PATHS = NO;
				CLANG_ANALYZER_NONNULL = YES;
				CLANG_ANALYZER_NUMBER_OBJECT_CONVERSION = YES_AGGRESSIVE;
				CLANG_CXX_LANGUAGE_STANDARD = "gnu++20";
				CLANG_ENABLE_MODULES = YES;
				CLANG_ENABLE_OBJC_ARC = YES;
				CLANG_ENABLE_OBJC_WEAK = YES;
				CLANG_WARN_BLOCK_CAPTURE_AUTORELEASING = YES;
				CLANG_WARN_BOOL_CONVERSION = YES;
				CLANG_WARN_COMMA = YES;
				CLANG_WARN_CONSTANT_CONVERSION = YES;
				CLANG_WARN_DEPRECATED_OBJC_IMPLEMENTATIONS = YES;
				CLANG_WARN_DIRECT_OBJC_ISA_USAGE = YES_ERROR;
				CLANG_WARN_DOCUMENTATION_COMMENTS = YES;
				CLANG_WARN_EMPTY_BODY = YES;
				CLANG_WARN_ENUM_CONVERSION = YES;
				CLANG_WARN_INFINITE_RECURSION = YES;
				CLANG_WARN_INT_CONVERSION = YES;
				CLANG_WARN_NON_LITERAL_NULL_CONVERSION = YES;
				CLANG_WARN_OBJC_IMPLICIT_RETAIN_SELF = YES;
				CLANG_WARN_OBJC_LITERAL_CONVERSION = YES;
				CLANG_WARN_OBJC_ROOT_CLASS = YES_ERROR;
				CLANG_WARN_QUOTED_INCLUDE_IN_FRAMEWORK_HEADER = YES;
				CLANG_WARN_RANGE_LOOP_ANALYSIS = YES;
				CLANG_WARN_STRICT_PROTOTYPES = YES;
				CLANG_WARN_SUSPICIOUS_MOVE = YES;
				CLANG_WARN_UNGUARDED_AVAILABILITY = YES_AGGRESSIVE;
				CLANG_WARN_UNREACHABLE_CODE = YES;
				CLANG_WARN__DUPLICATE_METHOD_MATCH = YES;
				COPY_PHASE_STRIP = NO;
				DEBUG_INFORMATION_FORMAT = dwarf;
				ENABLE_STRICT_OBJC_MSGSEND = YES;
				ENABLE_TESTABILITY = YES;
				GCC_C_LANGUAGE_STANDARD = gnu11;
				GCC_DYNAMIC_NO_PIC = NO;
				GCC_NO_COMMON_BLOCKS = YES;
				GCC_OPTIMIZATION_LEVEL = 0;
				GCC_PREPROCESSOR_DEFINITIONS = (
					"DEBUG=1",
					"$(inherited)",
				);
				GCC_WARN_64_TO_32_BIT_CONVERSION = YES;
				GCC_WARN_ABOUT_RETURN_TYPE = YES_ERROR;
				GCC_WARN_UNDECLARED_SELECTOR = YES;
				GCC_WARN_UNINITIALIZED_AUTOS = YES_AGGRESSIVE;
				GCC_WARN_UNUSED_FUNCTION = YES;
				GCC_WARN_UNUSED_VARIABLE = YES;
				IPHONEOS_DEPLOYMENT_TARGET = 16.4;
				MTL_ENABLE_DEBUG_INFO = INCLUDE_SOURCE;
				MTL_FAST_MATH = YES;
				ONLY_ACTIVE_ARCH = YES;
				SDKROOT = iphoneos;
			};
			name = Debug;
		};
		BC88F6B42C3F5FA000F2CACD /* Release */ = {
			isa = XCBuildConfiguration;
			buildSettings = {
				ALWAYS_SEARCH_USER_PATHS = NO;
				CLANG_ANALYZER_NONNULL = YES;
				CLANG_ANALYZER_NUMBER_OBJECT_CONVERSION = YES_AGGRESSIVE;
				CLANG_CXX_LANGUAGE_STANDARD = "gnu++20";
				CLANG_ENABLE_MODULES = YES;
				CLANG_ENABLE_OBJC_ARC = YES;
				CLANG_ENABLE_OBJC_WEAK = YES;
				CLANG_WARN_BLOCK_CAPTURE_AUTORELEASING = YES;
				CLANG_WARN_BOOL_CONVERSION = YES;
				CLANG_WARN_COMMA = YES;
				CLANG_WARN_CONSTANT_CONVERSION = YES;
				CLANG_WARN_DEPRECATED_OBJC_IMPLEMENTATIONS = YES;
				CLANG_WARN_DIRECT_OBJC_ISA_USAGE = YES_ERROR;
				CLANG_WARN_DOCUMENTATION_COMMENTS = YES;
				CLANG_WARN_EMPTY_BODY = YES;
				CLANG_WARN_ENUM_CONVERSION = YES;
				CLANG_WARN_INFINITE_RECURSION = YES;
				CLANG_WARN_INT_CONVERSION = YES;
				CLANG_WARN_NON_LITERAL_NULL_CONVERSION = YES;
				CLANG_WARN_OBJC_IMPLICIT_RETAIN_SELF = YES;
				CLANG_WARN_OBJC_LITERAL_CONVERSION = YES;
				CLANG_WARN_OBJC_ROOT_CLASS = YES_ERROR;
				CLANG_WARN_QUOTED_INCLUDE_IN_FRAMEWORK_HEADER = YES;
				CLANG_WARN_RANGE_LOOP_ANALYSIS = YES;
				CLANG_WARN_STRICT_PROTOTYPES = YES;
				CLANG_WARN_SUSPICIOUS_MOVE = YES;
				CLANG_WARN_UNGUARDED_AVAILABILITY = YES_AGGRESSIVE;
				CLANG_WARN_UNREACHABLE_CODE = YES;
				CLANG_WARN__DUPLICATE_METHOD_MATCH = YES;
				COPY_PHASE_STRIP = NO;
				DEBUG_INFORMATION_FORMAT = "dwarf-with-dsym";
				ENABLE_NS_ASSERTIONS = NO;
				ENABLE_STRICT_OBJC_MSGSEND = YES;
				GCC_C_LANGUAGE_STANDARD = gnu11;
				GCC_NO_COMMON_BLOCKS = YES;
				GCC_WARN_64_TO_32_BIT_CONVERSION = YES;
				GCC_WARN_ABOUT_RETURN_TYPE = YES_ERROR;
				GCC_WARN_UNDECLARED_SELECTOR = YES;
				GCC_WARN_UNINITIALIZED_AUTOS = YES_AGGRESSIVE;
				GCC_WARN_UNUSED_FUNCTION = YES;
				GCC_WARN_UNUSED_VARIABLE = YES;
				IPHONEOS_DEPLOYMENT_TARGET = 16.4;
				MTL_ENABLE_DEBUG_INFO = NO;
				MTL_FAST_MATH = YES;
				SDKROOT = iphoneos;
				VALIDATE_PRODUCT = YES;
			};
			name = Release;
		};
		BC88F6B62C3F5FA000F2CACD /* Debug */ = {
			isa = XCBuildConfiguration;
			buildSettings = {
				ASSETCATALOG_COMPILER_APPICON_NAME = AppIcon;
				ASSETCATALOG_COMPILER_GLOBAL_ACCENT_COLOR_NAME = AccentColor;
				CODE_SIGN_STYLE = Automatic;
				CURRENT_PROJECT_VERSION = 1;
				DEVELOPMENT_TEAM = 4B5F6ELE34;
				GENERATE_INFOPLIST_FILE = YES;
				INFOPLIST_FILE = CocoaRedis/Info.plist;
				INFOPLIST_KEY_UIApplicationSupportsIndirectInputEvents = YES;
				INFOPLIST_KEY_UILaunchStoryboardName = LaunchScreen;
				INFOPLIST_KEY_UIMainStoryboardFile = Main;
				INFOPLIST_KEY_UISupportedInterfaceOrientations_iPad = "UIInterfaceOrientationPortrait UIInterfaceOrientationPortraitUpsideDown UIInterfaceOrientationLandscapeLeft UIInterfaceOrientationLandscapeRight";
				INFOPLIST_KEY_UISupportedInterfaceOrientations_iPhone = "UIInterfaceOrientationPortrait UIInterfaceOrientationLandscapeLeft UIInterfaceOrientationLandscapeRight";
				IPHONEOS_DEPLOYMENT_TARGET = 11.0;
				LD_RUNPATH_SEARCH_PATHS = (
					"$(inherited)",
					"@executable_path/Frameworks",
				);
				MARKETING_VERSION = 1.0.0;
				PRODUCT_BUNDLE_IDENTIFIER = github.ardwang.CocoaRedis;
				PRODUCT_NAME = "$(TARGET_NAME)";
				SWIFT_EMIT_LOC_STRINGS = YES;
				TARGETED_DEVICE_FAMILY = "1,2";
			};
			name = Debug;
		};
		BC88F6B72C3F5FA000F2CACD /* Release */ = {
			isa = XCBuildConfiguration;
			buildSettings = {
				ASSETCATALOG_COMPILER_APPICON_NAME = AppIcon;
				ASSETCATALOG_COMPILER_GLOBAL_ACCENT_COLOR_NAME = AccentColor;
				CODE_SIGN_STYLE = Automatic;
				CURRENT_PROJECT_VERSION = 1;
				DEVELOPMENT_TEAM = 4B5F6ELE34;
				GENERATE_INFOPLIST_FILE = YES;
				INFOPLIST_FILE = CocoaRedis/Info.plist;
				INFOPLIST_KEY_UIApplicationSupportsIndirectInputEvents = YES;
				INFOPLIST_KEY_UILaunchStoryboardName = LaunchScreen;
				INFOPLIST_KEY_UIMainStoryboardFile = Main;
				INFOPLIST_KEY_UISupportedInterfaceOrientations_iPad = "UIInterfaceOrientationPortrait UIInterfaceOrientationPortraitUpsideDown UIInterfaceOrientationLandscapeLeft UIInterfaceOrientationLandscapeRight";
				INFOPLIST_KEY_UISupportedInterfaceOrientations_iPhone = "UIInterfaceOrientationPortrait UIInterfaceOrientationLandscapeLeft UIInterfaceOrientationLandscapeRight";
				IPHONEOS_DEPLOYMENT_TARGET = 11.0;
				LD_RUNPATH_SEARCH_PATHS = (
					"$(inherited)",
					"@executable_path/Frameworks",
				);
				MARKETING_VERSION = 1.0.0;
				PRODUCT_BUNDLE_IDENTIFIER = github.ardwang.CocoaRedis;
				PRODUCT_NAME = "$(TARGET_NAME)";
				SWIFT_EMIT_LOC_STRINGS = YES;
				TARGETED_DEVICE_FAMILY = "1,2";
			};
			name = Release;
		};
/* End XCBuildConfiguration section */

/* Begin XCConfigurationList section */
		BC88F6972C3F5F9300F2CACD /* Build configuration list for PBXProject "CocoaRedis" */ = {
			isa = XCConfigurationList;
			buildConfigurations = (
				BC88F6B32C3F5FA000F2CACD /* Debug */,
				BC88F6B42C3F5FA000F2CACD /* Release */,
			);
			defaultConfigurationIsVisible = 0;
			defaultConfigurationName = Release;
		};
		BC88F6B52C3F5FA000F2CACD /* Build configuration list for PBXNativeTarget "CocoaRedis" */ = {
			isa = XCConfigurationList;
			buildConfigurations = (
				BC88F6B62C3F5FA000F2CACD /* Debug */,
				BC88F6B72C3F5FA000F2CACD /* Release */,
			);
			defaultConfigurationIsVisible = 0;
			defaultConfigurationName = Release;
		};
/* End XCConfigurationList section */
	};
	rootObject = BC88F6942C3F5F9300F2CACD /* Project object */;
}
